// !$*UTF8*$!
{
	archiveVersion = 1;
	classes = {
	};
	objectVersion = 56;
	objects = {

/* Begin PBXBuildFile section */
		7B2A47732A4F2B0900151C9B /* DynamicFilterView.swift in Sources */ = {isa = PBXBuildFile; fileRef = 7B2A47722A4F2B0900151C9B /* DynamicFilterView.swift */; };
		7B2A47792A4F2C6800151C9B /* FilteredList.swift in Sources */ = {isa = PBXBuildFile; fileRef = 7B2A47782A4F2C6800151C9B /* FilteredList.swift */; };
		7B5CD41B2A4F24590062E332 /* NSPredicateView.swift in Sources */ = {isa = PBXBuildFile; fileRef = 7B5CD41A2A4F24590062E332 /* NSPredicateView.swift */; };
		7B8E5F0A2A531300009AFABC /* Singer+CoreDataClass.swift in Sources */ = {isa = PBXBuildFile; fileRef = 7B8E5F082A531300009AFABC /* Singer+CoreDataClass.swift */; };
		7B8E5F0B2A531300009AFABC /* Singer+CoreDataProperties.swift in Sources */ = {isa = PBXBuildFile; fileRef = 7B8E5F092A531300009AFABC /* Singer+CoreDataProperties.swift */; };
		7B8E5F112A5313B8009AFABC /* Country+CoreDataClass.swift in Sources */ = {isa = PBXBuildFile; fileRef = 7B8E5F0D2A5313B8009AFABC /* Country+CoreDataClass.swift */; };
		7B8E5F122A5313B8009AFABC /* Country+CoreDataProperties.swift in Sources */ = {isa = PBXBuildFile; fileRef = 7B8E5F0E2A5313B8009AFABC /* Country+CoreDataProperties.swift */; };
		7B8E5F132A5313B8009AFABC /* Candy+CoreDataClass.swift in Sources */ = {isa = PBXBuildFile; fileRef = 7B8E5F0F2A5313B8009AFABC /* Candy+CoreDataClass.swift */; };
		7B8E5F142A5313B8009AFABC /* Candy+CoreDataProperties.swift in Sources */ = {isa = PBXBuildFile; fileRef = 7B8E5F102A5313B8009AFABC /* Candy+CoreDataProperties.swift */; };
		7B8E5F162A531510009AFABC /* OneToManyView.swift in Sources */ = {isa = PBXBuildFile; fileRef = 7B8E5F152A531510009AFABC /* OneToManyView.swift */; };
		7B9820F22A4EBB0D00AD8B82 /* HashableView.swift in Sources */ = {isa = PBXBuildFile; fileRef = 7B9820F12A4EBB0D00AD8B82 /* HashableView.swift */; };
		7B9820FD2A4EC3CA00AD8B82 /* Movie+CoreDataClass.swift in Sources */ = {isa = PBXBuildFile; fileRef = 7B9820FB2A4EC3CA00AD8B82 /* Movie+CoreDataClass.swift */; };
		7B9820FE2A4EC3CA00AD8B82 /* Movie+CoreDataProperties.swift in Sources */ = {isa = PBXBuildFile; fileRef = 7B9820FC2A4EC3CA00AD8B82 /* Movie+CoreDataProperties.swift */; };
		7B9821022A4EC4AC00AD8B82 /* ConditionalSaving.swift in Sources */ = {isa = PBXBuildFile; fileRef = 7B9821012A4EC4AC00AD8B82 /* ConditionalSaving.swift */; };
		7B9821042A4EEAA300AD8B82 /* ConstaintsView.swift in Sources */ = {isa = PBXBuildFile; fileRef = 7B9821032A4EEAA300AD8B82 /* ConstaintsView.swift */; };
		7BE3AC142A4B440C00998EA6 /* CoreDataProjectApp.swift in Sources */ = {isa = PBXBuildFile; fileRef = 7BE3AC132A4B440C00998EA6 /* CoreDataProjectApp.swift */; };
		7BE3AC162A4B440C00998EA6 /* ContentView.swift in Sources */ = {isa = PBXBuildFile; fileRef = 7BE3AC152A4B440C00998EA6 /* ContentView.swift */; };
		7BE3AC182A4B440D00998EA6 /* Assets.xcassets in Resources */ = {isa = PBXBuildFile; fileRef = 7BE3AC172A4B440D00998EA6 /* Assets.xcassets */; };
		7BE3AC1B2A4B440D00998EA6 /* Preview Assets.xcassets in Resources */ = {isa = PBXBuildFile; fileRef = 7BE3AC1A2A4B440D00998EA6 /* Preview Assets.xcassets */; };
		7BE3AC252A4B444D00998EA6 /* CoreDataProject.xcdatamodeld in Sources */ = {isa = PBXBuildFile; fileRef = 7BE3AC232A4B444D00998EA6 /* CoreDataProject.xcdatamodeld */; };
		7BE3AC272A4B446300998EA6 /* DataController.swift in Sources */ = {isa = PBXBuildFile; fileRef = 7BE3AC262A4B446300998EA6 /* DataController.swift */; };
		7BE9829E2A4FFA33004C9018 /* FilteringChallenge.swift in Sources */ = {isa = PBXBuildFile; fileRef = 7BE9829D2A4FFA33004C9018 /* FilteringChallenge.swift */; };
/* End PBXBuildFile section */

/* Begin PBXFileReference section */
		7B2A47722A4F2B0900151C9B /* DynamicFilterView.swift */ = {isa = PBXFileReference; lastKnownFileType = sourcecode.swift; path = DynamicFilterView.swift; sourceTree = "<group>"; };
		7B2A47782A4F2C6800151C9B /* FilteredList.swift */ = {isa = PBXFileReference; lastKnownFileType = sourcecode.swift; path = FilteredList.swift; sourceTree = "<group>"; };
		7B5CD41A2A4F24590062E332 /* NSPredicateView.swift */ = {isa = PBXFileReference; lastKnownFileType = sourcecode.swift; path = NSPredicateView.swift; sourceTree = "<group>"; };
		7B8E5F082A531300009AFABC /* Singer+CoreDataClass.swift */ = {isa = PBXFileReference; lastKnownFileType = sourcecode.swift; path = "Singer+CoreDataClass.swift"; sourceTree = "<group>"; };
		7B8E5F092A531300009AFABC /* Singer+CoreDataProperties.swift */ = {isa = PBXFileReference; lastKnownFileType = sourcecode.swift; path = "Singer+CoreDataProperties.swift"; sourceTree = "<group>"; };
		7B8E5F0D2A5313B8009AFABC /* Country+CoreDataClass.swift */ = {isa = PBXFileReference; lastKnownFileType = sourcecode.swift; path = "Country+CoreDataClass.swift"; sourceTree = "<group>"; };
		7B8E5F0E2A5313B8009AFABC /* Country+CoreDataProperties.swift */ = {isa = PBXFileReference; lastKnownFileType = sourcecode.swift; path = "Country+CoreDataProperties.swift"; sourceTree = "<group>"; };
		7B8E5F0F2A5313B8009AFABC /* Candy+CoreDataClass.swift */ = {isa = PBXFileReference; lastKnownFileType = sourcecode.swift; path = "Candy+CoreDataClass.swift"; sourceTree = "<group>"; };
		7B8E5F102A5313B8009AFABC /* Candy+CoreDataProperties.swift */ = {isa = PBXFileReference; lastKnownFileType = sourcecode.swift; path = "Candy+CoreDataProperties.swift"; sourceTree = "<group>"; };
		7B8E5F152A531510009AFABC /* OneToManyView.swift */ = {isa = PBXFileReference; lastKnownFileType = sourcecode.swift; path = OneToManyView.swift; sourceTree = "<group>"; };
		7B9820F12A4EBB0D00AD8B82 /* HashableView.swift */ = {isa = PBXFileReference; lastKnownFileType = sourcecode.swift; path = HashableView.swift; sourceTree = "<group>"; };
		7B9820FB2A4EC3CA00AD8B82 /* Movie+CoreDataClass.swift */ = {isa = PBXFileReference; lastKnownFileType = sourcecode.swift; path = "Movie+CoreDataClass.swift"; sourceTree = "<group>"; };
		7B9820FC2A4EC3CA00AD8B82 /* Movie+CoreDataProperties.swift */ = {isa = PBXFileReference; lastKnownFileType = sourcecode.swift; path = "Movie+CoreDataProperties.swift"; sourceTree = "<group>"; };
		7B9821012A4EC4AC00AD8B82 /* ConditionalSaving.swift */ = {isa = PBXFileReference; lastKnownFileType = sourcecode.swift; path = ConditionalSaving.swift; sourceTree = "<group>"; };
		7B9821032A4EEAA300AD8B82 /* ConstaintsView.swift */ = {isa = PBXFileReference; lastKnownFileType = sourcecode.swift; path = ConstaintsView.swift; sourceTree = "<group>"; };
		7BE3AC102A4B440C00998EA6 /* CoreDataProject.app */ = {isa = PBXFileReference; explicitFileType = wrapper.application; includeInIndex = 0; path = CoreDataProject.app; sourceTree = BUILT_PRODUCTS_DIR; };
		7BE3AC132A4B440C00998EA6 /* CoreDataProjectApp.swift */ = {isa = PBXFileReference; lastKnownFileType = sourcecode.swift; path = CoreDataProjectApp.swift; sourceTree = "<group>"; };
		7BE3AC152A4B440C00998EA6 /* ContentView.swift */ = {isa = PBXFileReference; lastKnownFileType = sourcecode.swift; path = ContentView.swift; sourceTree = "<group>"; };
		7BE3AC172A4B440D00998EA6 /* Assets.xcassets */ = {isa = PBXFileReference; lastKnownFileType = folder.assetcatalog; path = Assets.xcassets; sourceTree = "<group>"; };
		7BE3AC1A2A4B440D00998EA6 /* Preview Assets.xcassets */ = {isa = PBXFileReference; lastKnownFileType = folder.assetcatalog; path = "Preview Assets.xcassets"; sourceTree = "<group>"; };
		7BE3AC242A4B444D00998EA6 /* CoreDataProject.xcdatamodel */ = {isa = PBXFileReference; lastKnownFileType = wrapper.xcdatamodel; path = CoreDataProject.xcdatamodel; sourceTree = "<group>"; };
		7BE3AC262A4B446300998EA6 /* DataController.swift */ = {isa = PBXFileReference; lastKnownFileType = sourcecode.swift; path = DataController.swift; sourceTree = "<group>"; };
		7BE9829D2A4FFA33004C9018 /* FilteringChallenge.swift */ = {isa = PBXFileReference; lastKnownFileType = sourcecode.swift; path = FilteringChallenge.swift; sourceTree = "<group>"; };
/* End PBXFileReference section */

/* Begin PBXFrameworksBuildPhase section */
		7BE3AC0D2A4B440C00998EA6 /* Frameworks */ = {
			isa = PBXFrameworksBuildPhase;
			buildActionMask = 2147483647;
			files = (
			);
			runOnlyForDeploymentPostprocessing = 0;
		};
/* End PBXFrameworksBuildPhase section */

/* Begin PBXGroup section */
		7B2A477A2A4F375900151C9B /* DynamicFilter */ = {
			isa = PBXGroup;
			children = (
				7B8E5F082A531300009AFABC /* Singer+CoreDataClass.swift */,
				7B8E5F092A531300009AFABC /* Singer+CoreDataProperties.swift */,
				7B2A47722A4F2B0900151C9B /* DynamicFilterView.swift */,
				7B2A47782A4F2C6800151C9B /* FilteredList.swift */,
			);
			path = DynamicFilter;
			sourceTree = "<group>";
		};
		7B5CD41C2A4F245E0062E332 /* NSPredicate */ = {
			isa = PBXGroup;
			children = (
				7B5CD41A2A4F24590062E332 /* NSPredicateView.swift */,
			);
			path = NSPredicate;
			sourceTree = "<group>";
		};
		7B8E5F0C2A531384009AFABC /* OneToMany */ = {
			isa = PBXGroup;
			children = (
				7B8E5F0D2A5313B8009AFABC /* Country+CoreDataClass.swift */,
				7B8E5F0E2A5313B8009AFABC /* Country+CoreDataProperties.swift */,
				7B8E5F0F2A5313B8009AFABC /* Candy+CoreDataClass.swift */,
				7B8E5F102A5313B8009AFABC /* Candy+CoreDataProperties.swift */,
				7B8E5F152A531510009AFABC /* OneToManyView.swift */,
			);
			path = OneToMany;
			sourceTree = "<group>";
		};
		7B9820F92A4EC2C300AD8B82 /* Introduction */ = {
			isa = PBXGroup;
			children = (
				7B9820FA2A4EC2D000AD8B82 /* Hashable */,
				7B9820FF2A4EC3DF00AD8B82 /* NSManagedObject */,
				7B9821002A4EC48200AD8B82 /* mocSaving */,
				7B9821052A4EEACC00AD8B82 /* Constraints */,
				7B5CD41C2A4F245E0062E332 /* NSPredicate */,
				7B2A477A2A4F375900151C9B /* DynamicFilter */,
				7B8E5F0C2A531384009AFABC /* OneToMany */,
			);
			path = Introduction;
			sourceTree = "<group>";
		};
		7B9820FA2A4EC2D000AD8B82 /* Hashable */ = {
			isa = PBXGroup;
			children = (
				7B9820F12A4EBB0D00AD8B82 /* HashableView.swift */,
			);
			path = Hashable;
			sourceTree = "<group>";
		};
		7B9820FF2A4EC3DF00AD8B82 /* NSManagedObject */ = {
			isa = PBXGroup;
			children = (
				7B9820FB2A4EC3CA00AD8B82 /* Movie+CoreDataClass.swift */,
				7B9820FC2A4EC3CA00AD8B82 /* Movie+CoreDataProperties.swift */,
			);
			path = NSManagedObject;
			sourceTree = "<group>";
		};
		7B9821002A4EC48200AD8B82 /* mocSaving */ = {
			isa = PBXGroup;
			children = (
				7B9821012A4EC4AC00AD8B82 /* ConditionalSaving.swift */,
			);
			path = mocSaving;
			sourceTree = "<group>";
		};
		7B9821052A4EEACC00AD8B82 /* Constraints */ = {
			isa = PBXGroup;
			children = (
				7B9821032A4EEAA300AD8B82 /* ConstaintsView.swift */,
			);
			path = Constraints;
			sourceTree = "<group>";
		};
		7BE3AC072A4B440C00998EA6 = {
			isa = PBXGroup;
			children = (
				7BE3AC122A4B440C00998EA6 /* CoreDataProject */,
				7BE3AC112A4B440C00998EA6 /* Products */,
			);
			sourceTree = "<group>";
		};
		7BE3AC112A4B440C00998EA6 /* Products */ = {
			isa = PBXGroup;
			children = (
				7BE3AC102A4B440C00998EA6 /* CoreDataProject.app */,
			);
			name = Products;
			sourceTree = "<group>";
		};
		7BE3AC122A4B440C00998EA6 /* CoreDataProject */ = {
			isa = PBXGroup;
			children = (
				7BE3AC132A4B440C00998EA6 /* CoreDataProjectApp.swift */,
				7BE3AC152A4B440C00998EA6 /* ContentView.swift */,
				7BE9829C2A4FFA0C004C9018 /* Challenge */,
				7B9820F92A4EC2C300AD8B82 /* Introduction */,
				7BE3AC262A4B446300998EA6 /* DataController.swift */,
				7BE3AC232A4B444D00998EA6 /* CoreDataProject.xcdatamodeld */,
				7BE3AC172A4B440D00998EA6 /* Assets.xcassets */,
				7BE3AC192A4B440D00998EA6 /* Preview Content */,
			);
			path = CoreDataProject;
			sourceTree = "<group>";
		};
		7BE3AC192A4B440D00998EA6 /* Preview Content */ = {
			isa = PBXGroup;
			children = (
				7BE3AC1A2A4B440D00998EA6 /* Preview Assets.xcassets */,
			);
			path = "Preview Content";
			sourceTree = "<group>";
		};
		7BE9829C2A4FFA0C004C9018 /* Challenge */ = {
			isa = PBXGroup;
			children = (
				7BE9829D2A4FFA33004C9018 /* FilteringChallenge.swift */,
			);
			path = Challenge;
			sourceTree = "<group>";
		};
/* End PBXGroup section */

/* Begin PBXNativeTarget section */
		7BE3AC0F2A4B440C00998EA6 /* CoreDataProject */ = {
			isa = PBXNativeTarget;
			buildConfigurationList = 7BE3AC1E2A4B440D00998EA6 /* Build configuration list for PBXNativeTarget "CoreDataProject" */;
			buildPhases = (
				7BE3AC0C2A4B440C00998EA6 /* Sources */,
				7BE3AC0D2A4B440C00998EA6 /* Frameworks */,
				7BE3AC0E2A4B440C00998EA6 /* Resources */,
			);
			buildRules = (
			);
			dependencies = (
			);
			name = CoreDataProject;
			productName = CoreDataProject;
			productReference = 7BE3AC102A4B440C00998EA6 /* CoreDataProject.app */;
			productType = "com.apple.product-type.application";
		};
/* End PBXNativeTarget section */

/* Begin PBXProject section */
		7BE3AC082A4B440C00998EA6 /* Project object */ = {
			isa = PBXProject;
			attributes = {
				BuildIndependentTargetsInParallel = 1;
				LastSwiftUpdateCheck = 1430;
				LastUpgradeCheck = 1430;
				TargetAttributes = {
					7BE3AC0F2A4B440C00998EA6 = {
						CreatedOnToolsVersion = 14.3;
					};
				};
			};
			buildConfigurationList = 7BE3AC0B2A4B440C00998EA6 /* Build configuration list for PBXProject "CoreDataProject" */;
			compatibilityVersion = "Xcode 14.0";
			developmentRegion = en;
			hasScannedForEncodings = 0;
			knownRegions = (
				en,
				Base,
			);
			mainGroup = 7BE3AC072A4B440C00998EA6;
			productRefGroup = 7BE3AC112A4B440C00998EA6 /* Products */;
			projectDirPath = "";
			projectRoot = "";
			targets = (
				7BE3AC0F2A4B440C00998EA6 /* CoreDataProject */,
			);
		};
/* End PBXProject section */

/* Begin PBXResourcesBuildPhase section */
		7BE3AC0E2A4B440C00998EA6 /* Resources */ = {
			isa = PBXResourcesBuildPhase;
			buildActionMask = 2147483647;
			files = (
				7BE3AC1B2A4B440D00998EA6 /* Preview Assets.xcassets in Resources */,
				7BE3AC182A4B440D00998EA6 /* Assets.xcassets in Resources */,
			);
			runOnlyForDeploymentPostprocessing = 0;
		};
/* End PBXResourcesBuildPhase section */

/* Begin PBXSourcesBuildPhase section */
		7BE3AC0C2A4B440C00998EA6 /* Sources */ = {
			isa = PBXSourcesBuildPhase;
			buildActionMask = 2147483647;
			files = (
				7BE3AC162A4B440C00998EA6 /* ContentView.swift in Sources */,
				7BE9829E2A4FFA33004C9018 /* FilteringChallenge.swift in Sources */,
				7BE3AC272A4B446300998EA6 /* DataController.swift in Sources */,
				7B2A47732A4F2B0900151C9B /* DynamicFilterView.swift in Sources */,
				7BE3AC252A4B444D00998EA6 /* CoreDataProject.xcdatamodeld in Sources */,
				7B8E5F0B2A531300009AFABC /* Singer+CoreDataProperties.swift in Sources */,
				7B9820F22A4EBB0D00AD8B82 /* HashableView.swift in Sources */,
				7B2A47792A4F2C6800151C9B /* FilteredList.swift in Sources */,
				7B9820FD2A4EC3CA00AD8B82 /* Movie+CoreDataClass.swift in Sources */,
				7B8E5F122A5313B8009AFABC /* Country+CoreDataProperties.swift in Sources */,
				7B8E5F0A2A531300009AFABC /* Singer+CoreDataClass.swift in Sources */,
				7B9820FE2A4EC3CA00AD8B82 /* Movie+CoreDataProperties.swift in Sources */,
				7B8E5F142A5313B8009AFABC /* Candy+CoreDataProperties.swift in Sources */,
				7B9821022A4EC4AC00AD8B82 /* ConditionalSaving.swift in Sources */,
				7BE3AC142A4B440C00998EA6 /* CoreDataProjectApp.swift in Sources */,
				7B8E5F162A531510009AFABC /* OneToManyView.swift in Sources */,
				7B9821042A4EEAA300AD8B82 /* ConstaintsView.swift in Sources */,
				7B8E5F112A5313B8009AFABC /* Country+CoreDataClass.swift in Sources */,
				7B5CD41B2A4F24590062E332 /* NSPredicateView.swift in Sources */,
				7B8E5F132A5313B8009AFABC /* Candy+CoreDataClass.swift in Sources */,
			);
			runOnlyForDeploymentPostprocessing = 0;
		};
/* End PBXSourcesBuildPhase section */

/* Begin XCBuildConfiguration section */
		7BE3AC1C2A4B440D00998EA6 /* Debug */ = {
			isa = XCBuildConfiguration;
			buildSettings = {
				ALWAYS_SEARCH_USER_PATHS = NO;
				CLANG_ANALYZER_NONNULL = YES;
				CLANG_ANALYZER_NUMBER_OBJECT_CONVERSION = YES_AGGRESSIVE;
				CLANG_CXX_LANGUAGE_STANDARD = "gnu++20";
				CLANG_ENABLE_MODULES = YES;
				CLANG_ENABLE_OBJC_ARC = YES;
				CLANG_ENABLE_OBJC_WEAK = YES;
				CLANG_WARN_BLOCK_CAPTURE_AUTORELEASING = YES;
				CLANG_WARN_BOOL_CONVERSION = YES;
				CLANG_WARN_COMMA = YES;
				CLANG_WARN_CONSTANT_CONVERSION = YES;
				CLANG_WARN_DEPRECATED_OBJC_IMPLEMENTATIONS = YES;
				CLANG_WARN_DIRECT_OBJC_ISA_USAGE = YES_ERROR;
				CLANG_WARN_DOCUMENTATION_COMMENTS = YES;
				CLANG_WARN_EMPTY_BODY = YES;
				CLANG_WARN_ENUM_CONVERSION = YES;
				CLANG_WARN_INFINITE_RECURSION = YES;
				CLANG_WARN_INT_CONVERSION = YES;
				CLANG_WARN_NON_LITERAL_NULL_CONVERSION = YES;
				CLANG_WARN_OBJC_IMPLICIT_RETAIN_SELF = YES;
				CLANG_WARN_OBJC_LITERAL_CONVERSION = YES;
				CLANG_WARN_OBJC_ROOT_CLASS = YES_ERROR;
				CLANG_WARN_QUOTED_INCLUDE_IN_FRAMEWORK_HEADER = YES;
				CLANG_WARN_RANGE_LOOP_ANALYSIS = YES;
				CLANG_WARN_STRICT_PROTOTYPES = YES;
				CLANG_WARN_SUSPICIOUS_MOVE = YES;
				CLANG_WARN_UNGUARDED_AVAILABILITY = YES_AGGRESSIVE;
				CLANG_WARN_UNREACHABLE_CODE = YES;
				CLANG_WARN__DUPLICATE_METHOD_MATCH = YES;
				COPY_PHASE_STRIP = NO;
				DEBUG_INFORMATION_FORMAT = dwarf;
				ENABLE_STRICT_OBJC_MSGSEND = YES;
				ENABLE_TESTABILITY = YES;
				GCC_C_LANGUAGE_STANDARD = gnu11;
				GCC_DYNAMIC_NO_PIC = NO;
				GCC_NO_COMMON_BLOCKS = YES;
				GCC_OPTIMIZATION_LEVEL = 0;
				GCC_PREPROCESSOR_DEFINITIONS = (
					"DEBUG=1",
					"$(inherited)",
				);
				GCC_WARN_64_TO_32_BIT_CONVERSION = YES;
				GCC_WARN_ABOUT_RETURN_TYPE = YES_ERROR;
				GCC_WARN_UNDECLARED_SELECTOR = YES;
				GCC_WARN_UNINITIALIZED_AUTOS = YES_AGGRESSIVE;
				GCC_WARN_UNUSED_FUNCTION = YES;
				GCC_WARN_UNUSED_VARIABLE = YES;
				IPHONEOS_DEPLOYMENT_TARGET = 16.4;
				MTL_ENABLE_DEBUG_INFO = INCLUDE_SOURCE;
				MTL_FAST_MATH = YES;
				ONLY_ACTIVE_ARCH = YES;
				SDKROOT = iphoneos;
				SWIFT_ACTIVE_COMPILATION_CONDITIONS = DEBUG;
				SWIFT_OPTIMIZATION_LEVEL = "-Onone";
			};
			name = Debug;
		};
		7BE3AC1D2A4B440D00998EA6 /* Release */ = {
			isa = XCBuildConfiguration;
			buildSettings = {
				ALWAYS_SEARCH_USER_PATHS = NO;
				CLANG_ANALYZER_NONNULL = YES;
				CLANG_ANALYZER_NUMBER_OBJECT_CONVERSION = YES_AGGRESSIVE;
				CLANG_CXX_LANGUAGE_STANDARD = "gnu++20";
				CLANG_ENABLE_MODULES = YES;
				CLANG_ENABLE_OBJC_ARC = YES;
				CLANG_ENABLE_OBJC_WEAK = YES;
				CLANG_WARN_BLOCK_CAPTURE_AUTORELEASING = YES;
				CLANG_WARN_BOOL_CONVERSION = YES;
				CLANG_WARN_COMMA = YES;
				CLANG_WARN_CONSTANT_CONVERSION = YES;
				CLANG_WARN_DEPRECATED_OBJC_IMPLEMENTATIONS = YES;
				CLANG_WARN_DIRECT_OBJC_ISA_USAGE = YES_ERROR;
				CLANG_WARN_DOCUMENTATION_COMMENTS = YES;
				CLANG_WARN_EMPTY_BODY = YES;
				CLANG_WARN_ENUM_CONVERSION = YES;
				CLANG_WARN_INFINITE_RECURSION = YES;
				CLANG_WARN_INT_CONVERSION = YES;
				CLANG_WARN_NON_LITERAL_NULL_CONVERSION = YES;
				CLANG_WARN_OBJC_IMPLICIT_RETAIN_SELF = YES;
				CLANG_WARN_OBJC_LITERAL_CONVERSION = YES;
				CLANG_WARN_OBJC_ROOT_CLASS = YES_ERROR;
				CLANG_WARN_QUOTED_INCLUDE_IN_FRAMEWORK_HEADER = YES;
				CLANG_WARN_RANGE_LOOP_ANALYSIS = YES;
				CLANG_WARN_STRICT_PROTOTYPES = YES;
				CLANG_WARN_SUSPICIOUS_MOVE = YES;
				CLANG_WARN_UNGUARDED_AVAILABILITY = YES_AGGRESSIVE;
				CLANG_WARN_UNREACHABLE_CODE = YES;
				CLANG_WARN__DUPLICATE_METHOD_MATCH = YES;
				COPY_PHASE_STRIP = NO;
				DEBUG_INFORMATION_FORMAT = "dwarf-with-dsym";
				ENABLE_NS_ASSERTIONS = NO;
				ENABLE_STRICT_OBJC_MSGSEND = YES;
				GCC_C_LANGUAGE_STANDARD = gnu11;
				GCC_NO_COMMON_BLOCKS = YES;
				GCC_WARN_64_TO_32_BIT_CONVERSION = YES;
				GCC_WARN_ABOUT_RETURN_TYPE = YES_ERROR;
				GCC_WARN_UNDECLARED_SELECTOR = YES;
				GCC_WARN_UNINITIALIZED_AUTOS = YES_AGGRESSIVE;
				GCC_WARN_UNUSED_FUNCTION = YES;
				GCC_WARN_UNUSED_VARIABLE = YES;
				IPHONEOS_DEPLOYMENT_TARGET = 16.4;
				MTL_ENABLE_DEBUG_INFO = NO;
				MTL_FAST_MATH = YES;
				SDKROOT = iphoneos;
				SWIFT_COMPILATION_MODE = wholemodule;
				SWIFT_OPTIMIZATION_LEVEL = "-O";
				VALIDATE_PRODUCT = YES;
			};
			name = Release;
		};
		7BE3AC1F2A4B440D00998EA6 /* Debug */ = {
			isa = XCBuildConfiguration;
			buildSettings = {
				ASSETCATALOG_COMPILER_APPICON_NAME = AppIcon;
				ASSETCATALOG_COMPILER_GLOBAL_ACCENT_COLOR_NAME = AccentColor;
				CODE_SIGN_STYLE = Automatic;
				CURRENT_PROJECT_VERSION = 1;
				DEVELOPMENT_ASSET_PATHS = "\"CoreDataProject/Preview Content\"";
				DEVELOPMENT_TEAM = B9S7PB8R45;
				ENABLE_PREVIEWS = YES;
				GENERATE_INFOPLIST_FILE = YES;
				INFOPLIST_KEY_UIApplicationSceneManifest_Generation = YES;
				INFOPLIST_KEY_UIApplicationSupportsIndirectInputEvents = YES;
				INFOPLIST_KEY_UILaunchScreen_Generation = YES;
				INFOPLIST_KEY_UISupportedInterfaceOrientations_iPad = "UIInterfaceOrientationPortrait UIInterfaceOrientationPortraitUpsideDown UIInterfaceOrientationLandscapeLeft UIInterfaceOrientationLandscapeRight";
				INFOPLIST_KEY_UISupportedInterfaceOrientations_iPhone = "UIInterfaceOrientationPortrait UIInterfaceOrientationLandscapeLeft UIInterfaceOrientationLandscapeRight";
				LD_RUNPATH_SEARCH_PATHS = (
					"$(inherited)",
					"@executable_path/Frameworks",
				);
				MARKETING_VERSION = 1.0;
				PRODUCT_BUNDLE_IDENTIFIER = com.pagopatito.CoreDataProject;
				PRODUCT_NAME = "$(TARGET_NAME)";
				SWIFT_EMIT_LOC_STRINGS = YES;
				SWIFT_VERSION = 5.0;
				TARGETED_DEVICE_FAMILY = "1,2";
			};
			name = Debug;
		};
		7BE3AC202A4B440D00998EA6 /* Release */ = {
			isa = XCBuildConfiguration;
			buildSettings = {
				ASSETCATALOG_COMPILER_APPICON_NAME = AppIcon;
				ASSETCATALOG_COMPILER_GLOBAL_ACCENT_COLOR_NAME = AccentColor;
				CODE_SIGN_STYLE = Automatic;
				CURRENT_PROJECT_VERSION = 1;
				DEVELOPMENT_ASSET_PATHS = "\"CoreDataProject/Preview Content\"";
				DEVELOPMENT_TEAM = B9S7PB8R45;
				ENABLE_PREVIEWS = YES;
				GENERATE_INFOPLIST_FILE = YES;
				INFOPLIST_KEY_UIApplicationSceneManifest_Generation = YES;
				INFOPLIST_KEY_UIApplicationSupportsIndirectInputEvents = YES;
				INFOPLIST_KEY_UILaunchScreen_Generation = YES;
				INFOPLIST_KEY_UISupportedInterfaceOrientations_iPad = "UIInterfaceOrientationPortrait UIInterfaceOrientationPortraitUpsideDown UIInterfaceOrientationLandscapeLeft UIInterfaceOrientationLandscapeRight";
				INFOPLIST_KEY_UISupportedInterfaceOrientations_iPhone = "UIInterfaceOrientationPortrait UIInterfaceOrientationLandscapeLeft UIInterfaceOrientationLandscapeRight";
				LD_RUNPATH_SEARCH_PATHS = (
					"$(inherited)",
					"@executable_path/Frameworks",
				);
				MARKETING_VERSION = 1.0;
				PRODUCT_BUNDLE_IDENTIFIER = com.pagopatito.CoreDataProject;
				PRODUCT_NAME = "$(TARGET_NAME)";
				SWIFT_EMIT_LOC_STRINGS = YES;
				SWIFT_VERSION = 5.0;
				TARGETED_DEVICE_FAMILY = "1,2";
			};
			name = Release;
		};
/* End XCBuildConfiguration section */

/* Begin XCConfigurationList section */
		7BE3AC0B2A4B440C00998EA6 /* Build configuration list for PBXProject "CoreDataProject" */ = {
			isa = XCConfigurationList;
			buildConfigurations = (
				7BE3AC1C2A4B440D00998EA6 /* Debug */,
				7BE3AC1D2A4B440D00998EA6 /* Release */,
			);
			defaultConfigurationIsVisible = 0;
			defaultConfigurationName = Release;
		};
		7BE3AC1E2A4B440D00998EA6 /* Build configuration list for PBXNativeTarget "CoreDataProject" */ = {
			isa = XCConfigurationList;
			buildConfigurations = (
				7BE3AC1F2A4B440D00998EA6 /* Debug */,
				7BE3AC202A4B440D00998EA6 /* Release */,
			);
			defaultConfigurationIsVisible = 0;
			defaultConfigurationName = Release;
		};
/* End XCConfigurationList section */

/* Begin XCVersionGroup section */
		7BE3AC232A4B444D00998EA6 /* CoreDataProject.xcdatamodeld */ = {
			isa = XCVersionGroup;
			children = (
				7BE3AC242A4B444D00998EA6 /* CoreDataProject.xcdatamodel */,
			);
			currentVersion = 7BE3AC242A4B444D00998EA6 /* CoreDataProject.xcdatamodel */;
			path = CoreDataProject.xcdatamodeld;
			sourceTree = "<group>";
			versionGroupType = wrapper.xcdatamodel;
		};
/* End XCVersionGroup section */
	};
	rootObject = 7BE3AC082A4B440C00998EA6 /* Project object */;
}
